<Solution>
  <Folder Name="/src/" />
  <Folder Name="/src/Bootstrapper/">
    <Project Path="src/Bootstrapper/Tameru.Api/Tameru.Api.csproj" />
  </Folder>
  <Folder Name="/src/BuildingBlocks/">
    <Project Path="src/BuildingBlocks/Tameru.Application.Abstractions/Tameru.Application.Abstractions.csproj" />
    <Project Path="src/BuildingBlocks/Tameru.Infrastructure.Common/Tameru.Infrastructure.Common.csproj" />
    <Project Path="src/BuildingBlocks/Tameru.SharedKernel/Tameru.SharedKernel.csproj" />
    <Project Path="src/BuildingBlocks/Tameru.Web.Common/Tameru.Web.Common.csproj" />
  </Folder>
  <Folder Name="/src/Modules.Contracts/">
    <Project Path="src/Modules.Contracts/Tameru.Modules.Contracts.csproj" />
  </Folder>
  <Folder Name="/src/Modules/" />
  <Folder Name="/src/Modules/Accounts/">
    <Project Path="src/Modules/Accounts/Tameru.Accounts.Api/Tameru.Accounts.Api.csproj" />
    <Project Path="src/Modules/Accounts/Tameru.Accounts.Application/Tameru.Accounts.Application.csproj" />
    <Project Path="src/Modules/Accounts/Tameru.Accounts.Domain/Tameru.Accounts.Domain.csproj" />
    <Project Path="src/Modules/Accounts/Tameru.Accounts.Infrastructure/Tameru.Accounts.Infrastructure.csproj" />
  </Folder>
  <Folder Name="/src/Modules/Identity/">
    <Project Path="src/Modules/Identity/Tameru.Identity.Api/Tameru.Identity.Api.csproj" />
    <Project Path="src/Modules/Identity/Tameru.Identity.Application/Tameru.Identity.Application.csproj" />
    <Project Path="src/Modules/Identity/Tameru.Identity.Domain/Tameru.Identity.Domain.csproj" />
    <Project Path="src/Modules/Identity/Tameru.Identity.Infrastructure/Tameru.Identity.Infrastructure.csproj" />
  </Folder>
  <Folder Name="/src/Modules/Ledger/">
    <Project Path="src/Modules/Ledger/Tameru.Ledger.Api/Tameru.Ledger.Api.csproj" />
    <Project Path="src/Modules/Ledger/Tameru.Ledger.Application/Tameru.Ledger.Application.csproj" />
    <Project Path="src/Modules/Ledger/Tameru.Ledger.Domain/Tameru.Ledger.Domain.csproj" />
    <Project Path="src/Modules/Ledger/Tameru.Ledger.Infrastructure/Tameru.Ledger.Infrastructure.csproj" />
  </Folder>
  <Folder Name="/tests/">
    <Project Path="tests/Tameru.Accounts.UnitTests/Tameru.Accounts.UnitTests.csproj" />
    <Project Path="tests/Tameru.ArchitectureTests/Tameru.ArchitectureTests.csproj" />
    <Project Path="tests/Tameru.Identity.UnitTests/Tameru.Identity.UnitTests.csproj" />
    <Project Path="tests/Tameru.Ledger.UnitTests/Tameru.Ledger.UnitTests.csproj" />
  </Folder>
</Solution>
